{
  "name": "grafbase",
  "version": "1.0.0",
  "lockfileVersion": 2,
  "requires": true,
  "packages": {
    "": {
      "name": "grafbase",
      "version": "1.0.0",
      "license": "ISC",
      "dependencies": {
        "@grafbase/sdk": "^0.0.23"
      }
    },
    "node_modules/@grafbase/sdk": {
      "version": "0.0.23",
      "resolved": "https://registry.npmjs.org/@grafbase/sdk/-/sdk-0.0.23.tgz",
      "integrity": "sha512-cR905sXqrF91eOcgxq1wBH/i10JwqLxhgQe5vvCnqER8TSnk7yOUijYQV2l9rw/eEFJ4gjqta4pcLFYVIoLytg==",
      "dependencies": {
        "dotenv": "^16.1.4",
        "type-fest": "^3.9.0"
      },
      "engines": {
        "node": ">=16.13.0"
      }
    },
    "node_modules/dotenv": {
      "version": "16.1.4",
      "resolved": "https://registry.npmjs.org/dotenv/-/dotenv-16.1.4.tgz",
      "integrity": "sha512-m55RtE8AsPeJBpOIFKihEmqUcoVncQIwo7x9U8ZwLEZw9ZpXboz2c+rvog+jUaJvVrZ5kBOeYQBX5+8Aa/OZQw==",
      "engines": {
        "node": ">=12"
      },
      "funding": {
        "url": "https://github.com/motdotla/dotenv?sponsor=1"
      }
    },
    "node_modules/type-fest": {
      "version": "3.12.0",
      "resolved": "https://registry.npmjs.org/type-fest/-/type-fest-3.12.0.tgz",
      "integrity": "sha512-qj9wWsnFvVEMUDbESiilKeXeHL7FwwiFcogfhfyjmvT968RXSvnl23f1JOClTHYItsi7o501C/7qVllscUP3oA==",
      "engines": {
        "node": ">=14.16"
      },
      "funding": {
        "url": "https://github.com/sponsors/sindresorhus"
      }
    }
  },
  "dependencies": {
    "@grafbase/sdk": {
      "version": "0.0.23",
      "resolved": "https://registry.npmjs.org/@grafbase/sdk/-/sdk-0.0.23.tgz",
      "integrity": "sha512-cR905sXqrF91eOcgxq1wBH/i10JwqLxhgQe5vvCnqER8TSnk7yOUijYQV2l9rw/eEFJ4gjqta4pcLFYVIoLytg==",
      "requires": {
        "dotenv": "^16.1.4",
        "type-fest": "^3.9.0"
      }
    },
    "dotenv": {
      "version": "16.1.4",
      "resolved": "https://registry.npmjs.org/dotenv/-/dotenv-16.1.4.tgz",
      "integrity": "sha512-m55RtE8AsPeJBpOIFKihEmqUcoVncQIwo7x9U8ZwLEZw9ZpXboz2c+rvog+jUaJvVrZ5kBOeYQBX5+8Aa/OZQw=="
    },
    "type-fest": {
      "version": "3.12.0",
      "resolved": "https://registry.npmjs.org/type-fest/-/type-fest-3.12.0.tgz",
      "integrity": "sha512-qj9wWsnFvVEMUDbESiilKeXeHL7FwwiFcogfhfyjmvT968RXSvnl23f1JOClTHYItsi7o501C/7qVllscUP3oA=="
    }
  }
}
